
Microsoft Visual Studio Solution File, Format Version 12.00
# Visual Studio Version 16
VisualStudioVersion = 16.0.30104.148
MinimumVisualStudioVersion = 10.0.40219.1
Project("{FAE04EC0-301F-11D3-BF4B-00C04F79EFBC}") = "Snake", "Snake\Snake.csproj", "{DB9C7938-0D02-4988-8749-FB06416EB554}"
EndProject
Global
	GlobalSection(SolutionConfigurationPlatforms) = preSolution
		Debug|Any CPU = Debug|Any CPU
		Release|Any CPU = Release|Any CPU
	EndGlobalSection
	GlobalSection(ProjectConfigurationPlatforms) = postSolution
		{DB9C7938-0D02-4988-8749-FB06416EB554}.Debug|Any CPU.ActiveCfg = Debug|Any CPU
		{DB9C7938-0D02-4988-8749-FB06416EB554}.Debug|Any CPU.Build.0 = Debug|Any CPU
		{DB9C7938-0D02-4988-8749-FB06416EB554}.Release|Any CPU.ActiveCfg = Release|Any CPU
		{DB9C7938-0D02-4988-8749-FB06416EB554}.Release|Any CPU.Build.0 = Release|Any CPU
	EndGlobalSection
	GlobalSection(SolutionProperties) = preSolution
		HideSolutionNode = FALSE
	EndGlobalSection
	GlobalSection(ExtensibilityGlobals) = postSolution
		SolutionGuid = {5EB35DB3-3E99-45C4-85FF-FFB8C94FD9E9}
	EndGlobalSection
EndGlobal
